
Microsoft Visual Studio Solution File, Format Version 12.00
# Visual Studio Version 17
VisualStudioVersion = 17.14.36221.1 d17.14
MinimumVisualStudioVersion = 10.0.40219.1
Project("{FAE04EC0-301F-11D3-BF4B-00C04F79EFBC}") = "MillerSpaceInvaders", "MillerSpaceInvaders\MillerSpaceInvaders.csproj", "{79E12872-EC27-41AF-98C3-58BA7F9F79D7}"
EndProject
Global
	GlobalSection(SolutionConfigurationPlatforms) = preSolution
		Debug|Any CPU = Debug|Any CPU
		Release|Any CPU = Release|Any CPU
	EndGlobalSection
	GlobalSection(ProjectConfigurationPlatforms) = postSolution
		{79E12872-EC27-41AF-98C3-58BA7F9F79D7}.Debug|Any CPU.ActiveCfg = Debug|Any CPU
		{79E12872-EC27-41AF-98C3-58BA7F9F79D7}.Debug|Any CPU.Build.0 = Debug|Any CPU
		{79E12872-EC27-41AF-98C3-58BA7F9F79D7}.Release|Any CPU.ActiveCfg = Release|Any CPU
		{79E12872-EC27-41AF-98C3-58BA7F9F79D7}.Release|Any CPU.Build.0 = Release|Any CPU
	EndGlobalSection
	GlobalSection(SolutionProperties) = preSolution
		HideSolutionNode = FALSE
	EndGlobalSection
	GlobalSection(ExtensibilityGlobals) = postSolution
		SolutionGuid = {03054B3C-91CC-4792-B1C0-FEA9BDCD2A6F}
	EndGlobalSection
EndGlobal
